
Microsoft Visual Studio Solution File, Format Version 12.00
# Visual Studio Version 17
VisualStudioVersion = 17.2.32505.173
MinimumVisualStudioVersion = 10.0.40219.1
Project("{FAE04EC0-301F-11D3-BF4B-00C04F79EFBC}") = "Multi Line", "Multi Line\Multi Line.csproj", "{A8747BB4-6052-43CA-BD7A-48218A62AFCA}"
EndProject
Global
	GlobalSection(SolutionConfigurationPlatforms) = preSolution
		Debug|Any CPU = Debug|Any CPU
		Release|Any CPU = Release|Any CPU
	EndGlobalSection
	GlobalSection(ProjectConfigurationPlatforms) = postSolution
		{A8747BB4-6052-43CA-BD7A-48218A62AFCA}.Debug|Any CPU.ActiveCfg = Debug|Any CPU
		{A8747BB4-6052-43CA-BD7A-48218A62AFCA}.Debug|Any CPU.Build.0 = Debug|Any CPU
		{A8747BB4-6052-43CA-BD7A-48218A62AFCA}.Release|Any CPU.ActiveCfg = Release|Any CPU
		{A8747BB4-6052-43CA-BD7A-48218A62AFCA}.Release|Any CPU.Build.0 = Release|Any CPU
	EndGlobalSection
	GlobalSection(SolutionProperties) = preSolution
		HideSolutionNode = FALSE
	EndGlobalSection
	GlobalSection(ExtensibilityGlobals) = postSolution
		SolutionGuid = {4ECDCFBD-B150-41B9-8995-58223F410775}
	EndGlobalSection
EndGlobal
